
Microsoft Visual Studio Solution File, Format Version 12.00
# Visual Studio 2012
Project("{FAE04EC0-301F-11D3-BF4B-00C04F79EFBC}") = "OpenIdConnectAuthenticator", "OpenIdConnectAuthenticator.csproj", "{3007132F-A019-4EF6-BD70-49D25C2FF69E}"
EndProject
Global
	GlobalSection(SolutionConfigurationPlatforms) = preSolution
		Debug|Any CPU = Debug|Any CPU
		Release|Any CPU = Release|Any CPU
	EndGlobalSection
	GlobalSection(ProjectConfigurationPlatforms) = postSolution
		{3007132F-A019-4EF6-BD70-49D25C2FF69E}.Debug|Any CPU.ActiveCfg = Debug|Any CPU
		{3007132F-A019-4EF6-BD70-49D25C2FF69E}.Debug|Any CPU.Build.0 = Debug|Any CPU
		{3007132F-A019-4EF6-BD70-49D25C2FF69E}.Release|Any CPU.ActiveCfg = Release|Any CPU
		{3007132F-A019-4EF6-BD70-49D25C2FF69E}.Release|Any CPU.Build.0 = Release|Any CPU
	EndGlobalSection
	GlobalSection(SolutionProperties) = preSolution
		HideSolutionNode = FALSE
	EndGlobalSection
EndGlobal
